
Microsoft Visual Studio Solution File, Format Version 12.00
# Visual Studio 15
VisualStudioVersion = 15.0.27130.2010
MinimumVisualStudioVersion = 10.0.40219.1
Project("{FAE04EC0-301F-11D3-BF4B-00C04F79EFBC}") = "TrackTorria", "TrackTorria\TrackTorria.csproj", "{A2608624-1FD2-4EB5-A0E1-52826B04EC31}"
EndProject
Global
	GlobalSection(SolutionConfigurationPlatforms) = preSolution
		Debug|Any CPU = Debug|Any CPU
		Release|Any CPU = Release|Any CPU
	EndGlobalSection
	GlobalSection(ProjectConfigurationPlatforms) = postSolution
		{A2608624-1FD2-4EB5-A0E1-52826B04EC31}.Debug|Any CPU.ActiveCfg = Debug|Any CPU
		{A2608624-1FD2-4EB5-A0E1-52826B04EC31}.Debug|Any CPU.Build.0 = Debug|Any CPU
		{A2608624-1FD2-4EB5-A0E1-52826B04EC31}.Release|Any CPU.ActiveCfg = Release|Any CPU
		{A2608624-1FD2-4EB5-A0E1-52826B04EC31}.Release|Any CPU.Build.0 = Release|Any CPU
	EndGlobalSection
	GlobalSection(SolutionProperties) = preSolution
		HideSolutionNode = FALSE
	EndGlobalSection
	GlobalSection(ExtensibilityGlobals) = postSolution
		SolutionGuid = {AC3765B5-4594-4A94-BF4F-5CA7903F23D2}
	EndGlobalSection
EndGlobal
